
Microsoft Visual Studio Solution File, Format Version 12.00
# Visual Studio 2013
VisualStudioVersion = 12.0.30501.0
MinimumVisualStudioVersion = 10.0.40219.1
Project("{FAE04EC0-301F-11D3-BF4B-00C04F79EFBC}") = "SquirrelDB", "SquirrelDB\SquirrelDB.csproj", "{C33793C7-C443-4B98-B1A4-0D237CB07875}"
EndProject
Project("{FAE04EC0-301F-11D3-BF4B-00C04F79EFBC}") = "testSquirrels", "testSquirrels\testSquirrels.csproj", "{94D90304-72E5-4127-AD3F-213F8EDA11DD}"
EndProject
Global
	GlobalSection(SolutionConfigurationPlatforms) = preSolution
		Debug|Any CPU = Debug|Any CPU
		Release|Any CPU = Release|Any CPU
	EndGlobalSection
	GlobalSection(ProjectConfigurationPlatforms) = postSolution
		{C33793C7-C443-4B98-B1A4-0D237CB07875}.Debug|Any CPU.ActiveCfg = Debug|Any CPU
		{C33793C7-C443-4B98-B1A4-0D237CB07875}.Debug|Any CPU.Build.0 = Debug|Any CPU
		{C33793C7-C443-4B98-B1A4-0D237CB07875}.Release|Any CPU.ActiveCfg = Release|Any CPU
		{C33793C7-C443-4B98-B1A4-0D237CB07875}.Release|Any CPU.Build.0 = Release|Any CPU
		{94D90304-72E5-4127-AD3F-213F8EDA11DD}.Debug|Any CPU.ActiveCfg = Debug|Any CPU
		{94D90304-72E5-4127-AD3F-213F8EDA11DD}.Debug|Any CPU.Build.0 = Debug|Any CPU
		{94D90304-72E5-4127-AD3F-213F8EDA11DD}.Release|Any CPU.ActiveCfg = Release|Any CPU
		{94D90304-72E5-4127-AD3F-213F8EDA11DD}.Release|Any CPU.Build.0 = Release|Any CPU
	EndGlobalSection
	GlobalSection(SolutionProperties) = preSolution
		HideSolutionNode = FALSE
	EndGlobalSection
EndGlobal
